// !$*UTF8*$!
{
	archiveVersion = 1;
	classes = {
	};
	objectVersion = 46;
	objects = {

/* Begin PBXBuildFile section */
		AC3E0F671A4934FB00AFE6AA /* libscn-vr.a in Frameworks */ = {isa = PBXBuildFile; fileRef = AC3E0F5B1A4934FA00AFE6AA /* libscn-vr.a */; };
		AC3E0FA01A49374600AFE6AA /* ColorCorrection.m in Sources */ = {isa = PBXBuildFile; fileRef = AC3E0F761A49374600AFE6AA /* ColorCorrection.m */; };
		AC3E0FA11A49374600AFE6AA /* CoreMotionTracker.m in Sources */ = {isa = PBXBuildFile; fileRef = AC3E0F791A49374600AFE6AA /* CoreMotionTracker.m */; };
		AC3E0FA21A49374600AFE6AA /* DistortionMeshGenerator.m in Sources */ = {isa = PBXBuildFile; fileRef = AC3E0F7B1A49374600AFE6AA /* DistortionMeshGenerator.m */; };
		AC3E0FA31A49374600AFE6AA /* EyeTexture.m in Sources */ = {isa = PBXBuildFile; fileRef = AC3E0F7D1A49374600AFE6AA /* EyeTexture.m */; };
		AC3E0FA41A49374600AFE6AA /* HmdDeviceConfiguration.m in Sources */ = {isa = PBXBuildFile; fileRef = AC3E0F7F1A49374600AFE6AA /* HmdDeviceConfiguration.m */; };
		AC3E0FA51A49374600AFE6AA /* HmdDeviceManager.m in Sources */ = {isa = PBXBuildFile; fileRef = AC3E0F811A49374600AFE6AA /* HmdDeviceManager.m */; };
		AC3E0FA61A49374600AFE6AA /* HmdMobileDevicePair.m in Sources */ = {isa = PBXBuildFile; fileRef = AC3E0F831A49374600AFE6AA /* HmdMobileDevicePair.m */; };
		AC3E0FA71A49374600AFE6AA /* MobileDeviceConfiguration.m in Sources */ = {isa = PBXBuildFile; fileRef = AC3E0F851A49374600AFE6AA /* MobileDeviceConfiguration.m */; };
		AC3E0FA81A49374600AFE6AA /* MobileDeviceManager.m in Sources */ = {isa = PBXBuildFile; fileRef = AC3E0F871A49374600AFE6AA /* MobileDeviceManager.m */; };
		AC3E0FA91A49374600AFE6AA /* MonoRenderInstance.m in Sources */ = {isa = PBXBuildFile; fileRef = AC3E0F891A49374600AFE6AA /* MonoRenderInstance.m */; };
		AC3E0FAA1A49374600AFE6AA /* RenderBase.m in Sources */ = {isa = PBXBuildFile; fileRef = AC3E0F8B1A49374600AFE6AA /* RenderBase.m */; };
		AC3E0FAB1A49374600AFE6AA /* RenderManager.m in Sources */ = {isa = PBXBuildFile; fileRef = AC3E0F8D1A49374600AFE6AA /* RenderManager.m */; };
		AC3E0FAC1A49374600AFE6AA /* RenderTexture.m in Sources */ = {isa = PBXBuildFile; fileRef = AC3E0F901A49374600AFE6AA /* RenderTexture.m */; };
		AC3E0FAD1A49374600AFE6AA /* SBSRenderInstance.m in Sources */ = {isa = PBXBuildFile; fileRef = AC3E0F921A49374600AFE6AA /* SBSRenderInstance.m */; };
		AC3E0FAE1A49374600AFE6AA /* SCNEye.m in Sources */ = {isa = PBXBuildFile; fileRef = AC3E0F941A49374600AFE6AA /* SCNEye.m */; };
		AC3E0FAF1A49374600AFE6AA /* SCNViewpoint.m in Sources */ = {isa = PBXBuildFile; fileRef = AC3E0F961A49374600AFE6AA /* SCNViewpoint.m */; };
		AC3E0FB01A49374600AFE6AA /* SCNVirtualRealityViewController.m in Sources */ = {isa = PBXBuildFile; fileRef = AC3E0F981A49374600AFE6AA /* SCNVirtualRealityViewController.m */; };
		AC3E0FB11A49374600AFE6AA /* TrackerBase.m in Sources */ = {isa = PBXBuildFile; fileRef = AC3E0F9B1A49374600AFE6AA /* TrackerBase.m */; };
		AC3E0FB21A49374600AFE6AA /* TrackingManager.m in Sources */ = {isa = PBXBuildFile; fileRef = AC3E0F9D1A49374600AFE6AA /* TrackingManager.m */; };
		AC3E0FB31A49374600AFE6AA /* VBOWrap.m in Sources */ = {isa = PBXBuildFile; fileRef = AC3E0F9F1A49374600AFE6AA /* VBOWrap.m */; };
		AC3E0FB51A4937B900AFE6AA /* SceneKit.framework in Frameworks */ = {isa = PBXBuildFile; fileRef = AC3E0FB41A4937B900AFE6AA /* SceneKit.framework */; };
		AC3E0FB71A4937BF00AFE6AA /* GLKit.framework in Frameworks */ = {isa = PBXBuildFile; fileRef = AC3E0FB61A4937BF00AFE6AA /* GLKit.framework */; };
		AC3E0FB81A4937E100AFE6AA /* ColorCorrection.h in CopyFiles */ = {isa = PBXBuildFile; fileRef = AC3E0F751A49374600AFE6AA /* ColorCorrection.h */; };
		AC3E0FB91A4937E100AFE6AA /* CoreMotionTracker.h in CopyFiles */ = {isa = PBXBuildFile; fileRef = AC3E0F781A49374600AFE6AA /* CoreMotionTracker.h */; };
		AC3E0FBA1A4937E100AFE6AA /* DistortionMeshGenerator.h in CopyFiles */ = {isa = PBXBuildFile; fileRef = AC3E0F7A1A49374600AFE6AA /* DistortionMeshGenerator.h */; };
		AC3E0FBB1A4937E100AFE6AA /* EyeTexture.h in CopyFiles */ = {isa = PBXBuildFile; fileRef = AC3E0F7C1A49374600AFE6AA /* EyeTexture.h */; };
		AC3E0FBC1A4937E100AFE6AA /* HmdDeviceConfiguration.h in CopyFiles */ = {isa = PBXBuildFile; fileRef = AC3E0F7E1A49374600AFE6AA /* HmdDeviceConfiguration.h */; };
		AC3E0FBD1A4937E100AFE6AA /* HmdDeviceManager.h in CopyFiles */ = {isa = PBXBuildFile; fileRef = AC3E0F801A49374600AFE6AA /* HmdDeviceManager.h */; };
		AC3E0FBE1A4937E100AFE6AA /* HmdMobileDevicePair.h in CopyFiles */ = {isa = PBXBuildFile; fileRef = AC3E0F821A49374600AFE6AA /* HmdMobileDevicePair.h */; };
		AC3E0FBF1A4937E100AFE6AA /* MobileDeviceConfiguration.h in CopyFiles */ = {isa = PBXBuildFile; fileRef = AC3E0F841A49374600AFE6AA /* MobileDeviceConfiguration.h */; };
		AC3E0FC01A4937E100AFE6AA /* MobileDeviceManager.h in CopyFiles */ = {isa = PBXBuildFile; fileRef = AC3E0F861A49374600AFE6AA /* MobileDeviceManager.h */; };
		AC3E0FC11A4937E100AFE6AA /* MonoRenderInstance.h in CopyFiles */ = {isa = PBXBuildFile; fileRef = AC3E0F881A49374600AFE6AA /* MonoRenderInstance.h */; };
		AC3E0FC21A4937E100AFE6AA /* RenderBase.h in CopyFiles */ = {isa = PBXBuildFile; fileRef = AC3E0F8A1A49374600AFE6AA /* RenderBase.h */; };
		AC3E0FC31A4937E100AFE6AA /* RenderManager.h in CopyFiles */ = {isa = PBXBuildFile; fileRef = AC3E0F8C1A49374600AFE6AA /* RenderManager.h */; };
		AC3E0FC41A4937E100AFE6AA /* RenderProtocol.h in CopyFiles */ = {isa = PBXBuildFile; fileRef = AC3E0F8E1A49374600AFE6AA /* RenderProtocol.h */; };
		AC3E0FC51A4937E100AFE6AA /* RenderTexture.h in CopyFiles */ = {isa = PBXBuildFile; fileRef = AC3E0F8F1A49374600AFE6AA /* RenderTexture.h */; };
		AC3E0FC61A4937E100AFE6AA /* SBSRenderInstance.h in CopyFiles */ = {isa = PBXBuildFile; fileRef = AC3E0F911A49374600AFE6AA /* SBSRenderInstance.h */; };
		AC3E0FC71A4937E100AFE6AA /* SCNEye.h in CopyFiles */ = {isa = PBXBuildFile; fileRef = AC3E0F931A49374600AFE6AA /* SCNEye.h */; };
		AC3E0FC81A4937E100AFE6AA /* SCNViewpoint.h in CopyFiles */ = {isa = PBXBuildFile; fileRef = AC3E0F951A49374600AFE6AA /* SCNViewpoint.h */; };
		AC3E0FC91A4937E100AFE6AA /* SCNVirtualRealityViewController.h in CopyFiles */ = {isa = PBXBuildFile; fileRef = AC3E0F971A49374600AFE6AA /* SCNVirtualRealityViewController.h */; };
		AC3E0FCA1A4937E100AFE6AA /* TrackerBase.h in CopyFiles */ = {isa = PBXBuildFile; fileRef = AC3E0F9A1A49374600AFE6AA /* TrackerBase.h */; };
		AC3E0FCB1A4937E100AFE6AA /* TrackingManager.h in CopyFiles */ = {isa = PBXBuildFile; fileRef = AC3E0F9C1A49374600AFE6AA /* TrackingManager.h */; };
		AC3E0FCC1A4937E100AFE6AA /* VBOWrap.h in CopyFiles */ = {isa = PBXBuildFile; fileRef = AC3E0F9E1A49374600AFE6AA /* VBOWrap.h */; };
/* End PBXBuildFile section */

/* Begin PBXContainerItemProxy section */
		AC3E0F681A4934FB00AFE6AA /* PBXContainerItemProxy */ = {
			isa = PBXContainerItemProxy;
			containerPortal = AC3E0F531A4934FA00AFE6AA /* Project object */;
			proxyType = 1;
			remoteGlobalIDString = AC3E0F5A1A4934FA00AFE6AA;
			remoteInfo = "scn-vr";
		};
/* End PBXContainerItemProxy section */

/* Begin PBXCopyFilesBuildPhase section */
		AC3E0F591A4934FA00AFE6AA /* CopyFiles */ = {
			isa = PBXCopyFilesBuildPhase;
			buildActionMask = 2147483647;
			dstPath = "include/$(PRODUCT_NAME)";
			dstSubfolderSpec = 16;
			files = (
				AC3E0FB81A4937E100AFE6AA /* ColorCorrection.h in CopyFiles */,
				AC3E0FB91A4937E100AFE6AA /* CoreMotionTracker.h in CopyFiles */,
				AC3E0FBA1A4937E100AFE6AA /* DistortionMeshGenerator.h in CopyFiles */,
				AC3E0FBB1A4937E100AFE6AA /* EyeTexture.h in CopyFiles */,
				AC3E0FBC1A4937E100AFE6AA /* HmdDeviceConfiguration.h in CopyFiles */,
				AC3E0FBD1A4937E100AFE6AA /* HmdDeviceManager.h in CopyFiles */,
				AC3E0FBE1A4937E100AFE6AA /* HmdMobileDevicePair.h in CopyFiles */,
				AC3E0FBF1A4937E100AFE6AA /* MobileDeviceConfiguration.h in CopyFiles */,
				AC3E0FC01A4937E100AFE6AA /* MobileDeviceManager.h in CopyFiles */,
				AC3E0FC11A4937E100AFE6AA /* MonoRenderInstance.h in CopyFiles */,
				AC3E0FC21A4937E100AFE6AA /* RenderBase.h in CopyFiles */,
				AC3E0FC31A4937E100AFE6AA /* RenderManager.h in CopyFiles */,
				AC3E0FC41A4937E100AFE6AA /* RenderProtocol.h in CopyFiles */,
				AC3E0FC51A4937E100AFE6AA /* RenderTexture.h in CopyFiles */,
				AC3E0FC61A4937E100AFE6AA /* SBSRenderInstance.h in CopyFiles */,
				AC3E0FC71A4937E100AFE6AA /* SCNEye.h in CopyFiles */,
				AC3E0FC81A4937E100AFE6AA /* SCNViewpoint.h in CopyFiles */,
				AC3E0FC91A4937E100AFE6AA /* SCNVirtualRealityViewController.h in CopyFiles */,
				AC3E0FCA1A4937E100AFE6AA /* TrackerBase.h in CopyFiles */,
				AC3E0FCB1A4937E100AFE6AA /* TrackingManager.h in CopyFiles */,
				AC3E0FCC1A4937E100AFE6AA /* VBOWrap.h in CopyFiles */,
			);
			runOnlyForDeploymentPostprocessing = 0;
		};
/* End PBXCopyFilesBuildPhase section */

/* Begin PBXFileReference section */
		AC3E0F5B1A4934FA00AFE6AA /* libscn-vr.a */ = {isa = PBXFileReference; explicitFileType = archive.ar; includeInIndex = 0; path = "libscn-vr.a"; sourceTree = BUILT_PRODUCTS_DIR; };
		AC3E0F661A4934FB00AFE6AA /* scn-vrTests.xctest */ = {isa = PBXFileReference; explicitFileType = wrapper.cfbundle; includeInIndex = 0; path = "scn-vrTests.xctest"; sourceTree = BUILT_PRODUCTS_DIR; };
		AC3E0F6C1A4934FB00AFE6AA /* Info.plist */ = {isa = PBXFileReference; lastKnownFileType = text.plist.xml; path = Info.plist; sourceTree = "<group>"; };
		AC3E0F751A49374600AFE6AA /* ColorCorrection.h */ = {isa = PBXFileReference; fileEncoding = 4; lastKnownFileType = sourcecode.c.h; path = ColorCorrection.h; sourceTree = "<group>"; };
		AC3E0F761A49374600AFE6AA /* ColorCorrection.m */ = {isa = PBXFileReference; fileEncoding = 4; lastKnownFileType = sourcecode.c.objc; path = ColorCorrection.m; sourceTree = "<group>"; };
		AC3E0F771A49374600AFE6AA /* Constants.h */ = {isa = PBXFileReference; fileEncoding = 4; lastKnownFileType = sourcecode.c.h; path = Constants.h; sourceTree = "<group>"; };
		AC3E0F781A49374600AFE6AA /* CoreMotionTracker.h */ = {isa = PBXFileReference; fileEncoding = 4; lastKnownFileType = sourcecode.c.h; path = CoreMotionTracker.h; sourceTree = "<group>"; };
		AC3E0F791A49374600AFE6AA /* CoreMotionTracker.m */ = {isa = PBXFileReference; fileEncoding = 4; lastKnownFileType = sourcecode.c.objc; path = CoreMotionTracker.m; sourceTree = "<group>"; };
		AC3E0F7A1A49374600AFE6AA /* DistortionMeshGenerator.h */ = {isa = PBXFileReference; fileEncoding = 4; lastKnownFileType = sourcecode.c.h; path = DistortionMeshGenerator.h; sourceTree = "<group>"; };
		AC3E0F7B1A49374600AFE6AA /* DistortionMeshGenerator.m */ = {isa = PBXFileReference; fileEncoding = 4; lastKnownFileType = sourcecode.c.objc; path = DistortionMeshGenerator.m; sourceTree = "<group>"; };
		AC3E0F7C1A49374600AFE6AA /* EyeTexture.h */ = {isa = PBXFileReference; fileEncoding = 4; lastKnownFileType = sourcecode.c.h; path = EyeTexture.h; sourceTree = "<group>"; };
		AC3E0F7D1A49374600AFE6AA /* EyeTexture.m */ = {isa = PBXFileReference; fileEncoding = 4; lastKnownFileType = sourcecode.c.objc; path = EyeTexture.m; sourceTree = "<group>"; };
		AC3E0F7E1A49374600AFE6AA /* HmdDeviceConfiguration.h */ = {isa = PBXFileReference; fileEncoding = 4; lastKnownFileType = sourcecode.c.h; path = HmdDeviceConfiguration.h; sourceTree = "<group>"; };
		AC3E0F7F1A49374600AFE6AA /* HmdDeviceConfiguration.m */ = {isa = PBXFileReference; fileEncoding = 4; lastKnownFileType = sourcecode.c.objc; path = HmdDeviceConfiguration.m; sourceTree = "<group>"; };
		AC3E0F801A49374600AFE6AA /* HmdDeviceManager.h */ = {isa = PBXFileReference; fileEncoding = 4; lastKnownFileType = sourcecode.c.h; path = HmdDeviceManager.h; sourceTree = "<group>"; };
		AC3E0F811A49374600AFE6AA /* HmdDeviceManager.m */ = {isa = PBXFileReference; fileEncoding = 4; lastKnownFileType = sourcecode.c.objc; path = HmdDeviceManager.m; sourceTree = "<group>"; };
		AC3E0F821A49374600AFE6AA /* HmdMobileDevicePair.h */ = {isa = PBXFileReference; fileEncoding = 4; lastKnownFileType = sourcecode.c.h; path = HmdMobileDevicePair.h; sourceTree = "<group>"; };
		AC3E0F831A49374600AFE6AA /* HmdMobileDevicePair.m */ = {isa = PBXFileReference; fileEncoding = 4; lastKnownFileType = sourcecode.c.objc; path = HmdMobileDevicePair.m; sourceTree = "<group>"; };
		AC3E0F841A49374600AFE6AA /* MobileDeviceConfiguration.h */ = {isa = PBXFileReference; fileEncoding = 4; lastKnownFileType = sourcecode.c.h; path = MobileDeviceConfiguration.h; sourceTree = "<group>"; };
		AC3E0F851A49374600AFE6AA /* MobileDeviceConfiguration.m */ = {isa = PBXFileReference; fileEncoding = 4; lastKnownFileType = sourcecode.c.objc; path = MobileDeviceConfiguration.m; sourceTree = "<group>"; };
		AC3E0F861A49374600AFE6AA /* MobileDeviceManager.h */ = {isa = PBXFileReference; fileEncoding = 4; lastKnownFileType = sourcecode.c.h; path = MobileDeviceManager.h; sourceTree = "<group>"; };
		AC3E0F871A49374600AFE6AA /* MobileDeviceManager.m */ = {isa = PBXFileReference; fileEncoding = 4; lastKnownFileType = sourcecode.c.objc; path = MobileDeviceManager.m; sourceTree = "<group>"; };
		AC3E0F881A49374600AFE6AA /* MonoRenderInstance.h */ = {isa = PBXFileReference; fileEncoding = 4; lastKnownFileType = sourcecode.c.h; path = MonoRenderInstance.h; sourceTree = "<group>"; };
		AC3E0F891A49374600AFE6AA /* MonoRenderInstance.m */ = {isa = PBXFileReference; fileEncoding = 4; lastKnownFileType = sourcecode.c.objc; path = MonoRenderInstance.m; sourceTree = "<group>"; };
		AC3E0F8A1A49374600AFE6AA /* RenderBase.h */ = {isa = PBXFileReference; fileEncoding = 4; lastKnownFileType = sourcecode.c.h; path = RenderBase.h; sourceTree = "<group>"; };
		AC3E0F8B1A49374600AFE6AA /* RenderBase.m */ = {isa = PBXFileReference; fileEncoding = 4; lastKnownFileType = sourcecode.c.objc; path = RenderBase.m; sourceTree = "<group>"; };
		AC3E0F8C1A49374600AFE6AA /* RenderManager.h */ = {isa = PBXFileReference; fileEncoding = 4; lastKnownFileType = sourcecode.c.h; path = RenderManager.h; sourceTree = "<group>"; };
		AC3E0F8D1A49374600AFE6AA /* RenderManager.m */ = {isa = PBXFileReference; fileEncoding = 4; lastKnownFileType = sourcecode.c.objc; path = RenderManager.m; sourceTree = "<group>"; };
		AC3E0F8E1A49374600AFE6AA /* RenderProtocol.h */ = {isa = PBXFileReference; fileEncoding = 4; lastKnownFileType = sourcecode.c.h; path = RenderProtocol.h; sourceTree = "<group>"; };
		AC3E0F8F1A49374600AFE6AA /* RenderTexture.h */ = {isa = PBXFileReference; fileEncoding = 4; lastKnownFileType = sourcecode.c.h; path = RenderTexture.h; sourceTree = "<group>"; };
		AC3E0F901A49374600AFE6AA /* RenderTexture.m */ = {isa = PBXFileReference; fileEncoding = 4; lastKnownFileType = sourcecode.c.objc; path = RenderTexture.m; sourceTree = "<group>"; };
		AC3E0F911A49374600AFE6AA /* SBSRenderInstance.h */ = {isa = PBXFileReference; fileEncoding = 4; lastKnownFileType = sourcecode.c.h; path = SBSRenderInstance.h; sourceTree = "<group>"; };
		AC3E0F921A49374600AFE6AA /* SBSRenderInstance.m */ = {isa = PBXFileReference; fileEncoding = 4; lastKnownFileType = sourcecode.c.objc; path = SBSRenderInstance.m; sourceTree = "<group>"; };
		AC3E0F931A49374600AFE6AA /* SCNEye.h */ = {isa = PBXFileReference; fileEncoding = 4; lastKnownFileType = sourcecode.c.h; path = SCNEye.h; sourceTree = "<group>"; };
		AC3E0F941A49374600AFE6AA /* SCNEye.m */ = {isa = PBXFileReference; fileEncoding = 4; lastKnownFileType = sourcecode.c.objc; path = SCNEye.m; sourceTree = "<group>"; };
		AC3E0F951A49374600AFE6AA /* SCNViewpoint.h */ = {isa = PBXFileReference; fileEncoding = 4; lastKnownFileType = sourcecode.c.h; path = SCNViewpoint.h; sourceTree = "<group>"; };
		AC3E0F961A49374600AFE6AA /* SCNViewpoint.m */ = {isa = PBXFileReference; fileEncoding = 4; lastKnownFileType = sourcecode.c.objc; path = SCNViewpoint.m; sourceTree = "<group>"; };
		AC3E0F971A49374600AFE6AA /* SCNVirtualRealityViewController.h */ = {isa = PBXFileReference; fileEncoding = 4; lastKnownFileType = sourcecode.c.h; path = SCNVirtualRealityViewController.h; sourceTree = "<group>"; };
		AC3E0F981A49374600AFE6AA /* SCNVirtualRealityViewController.m */ = {isa = PBXFileReference; fileEncoding = 4; lastKnownFileType = sourcecode.c.objc; path = SCNVirtualRealityViewController.m; sourceTree = "<group>"; };
		AC3E0F9A1A49374600AFE6AA /* TrackerBase.h */ = {isa = PBXFileReference; fileEncoding = 4; lastKnownFileType = sourcecode.c.h; path = TrackerBase.h; sourceTree = "<group>"; };
		AC3E0F9B1A49374600AFE6AA /* TrackerBase.m */ = {isa = PBXFileReference; fileEncoding = 4; lastKnownFileType = sourcecode.c.objc; path = TrackerBase.m; sourceTree = "<group>"; };
		AC3E0F9C1A49374600AFE6AA /* TrackingManager.h */ = {isa = PBXFileReference; fileEncoding = 4; lastKnownFileType = sourcecode.c.h; path = TrackingManager.h; sourceTree = "<group>"; };
		AC3E0F9D1A49374600AFE6AA /* TrackingManager.m */ = {isa = PBXFileReference; fileEncoding = 4; lastKnownFileType = sourcecode.c.objc; path = TrackingManager.m; sourceTree = "<group>"; };
		AC3E0F9E1A49374600AFE6AA /* VBOWrap.h */ = {isa = PBXFileReference; fileEncoding = 4; lastKnownFileType = sourcecode.c.h; path = VBOWrap.h; sourceTree = "<group>"; };
		AC3E0F9F1A49374600AFE6AA /* VBOWrap.m */ = {isa = PBXFileReference; fileEncoding = 4; lastKnownFileType = sourcecode.c.objc; path = VBOWrap.m; sourceTree = "<group>"; };
		AC3E0FB41A4937B900AFE6AA /* SceneKit.framework */ = {isa = PBXFileReference; lastKnownFileType = wrapper.framework; name = SceneKit.framework; path = System/Library/Frameworks/SceneKit.framework; sourceTree = SDKROOT; };
		AC3E0FB61A4937BF00AFE6AA /* GLKit.framework */ = {isa = PBXFileReference; lastKnownFileType = wrapper.framework; name = GLKit.framework; path = System/Library/Frameworks/GLKit.framework; sourceTree = SDKROOT; };
/* End PBXFileReference section */

/* Begin PBXFrameworksBuildPhase section */
		AC3E0F581A4934FA00AFE6AA /* Frameworks */ = {
			isa = PBXFrameworksBuildPhase;
			buildActionMask = 2147483647;
			files = (
				AC3E0FB71A4937BF00AFE6AA /* GLKit.framework in Frameworks */,
				AC3E0FB51A4937B900AFE6AA /* SceneKit.framework in Frameworks */,
			);
			runOnlyForDeploymentPostprocessing = 0;
		};
		AC3E0F631A4934FB00AFE6AA /* Frameworks */ = {
			isa = PBXFrameworksBuildPhase;
			buildActionMask = 2147483647;
			files = (
				AC3E0F671A4934FB00AFE6AA /* libscn-vr.a in Frameworks */,
			);
			runOnlyForDeploymentPostprocessing = 0;
		};
/* End PBXFrameworksBuildPhase section */

/* Begin PBXGroup section */
		AC3E0F521A4934FA00AFE6AA = {
			isa = PBXGroup;
			children = (
				AC3E0FB61A4937BF00AFE6AA /* GLKit.framework */,
				AC3E0FB41A4937B900AFE6AA /* SceneKit.framework */,
				AC3E0F5D1A4934FA00AFE6AA /* scn-vr */,
				AC3E0F6A1A4934FB00AFE6AA /* scn-vrTests */,
				AC3E0F5C1A4934FA00AFE6AA /* Products */,
			);
			sourceTree = "<group>";
		};
		AC3E0F5C1A4934FA00AFE6AA /* Products */ = {
			isa = PBXGroup;
			children = (
				AC3E0F5B1A4934FA00AFE6AA /* libscn-vr.a */,
				AC3E0F661A4934FB00AFE6AA /* scn-vrTests.xctest */,
			);
			name = Products;
			sourceTree = "<group>";
		};
		AC3E0F5D1A4934FA00AFE6AA /* scn-vr */ = {
			isa = PBXGroup;
			children = (
				AC3E0FCE1A4937F800AFE6AA /* Core */,
				AC3E0FCD1A4937F000AFE6AA /* SceneKit */,
			);
			path = "scn-vr";
			sourceTree = "<group>";
		};
		AC3E0F6A1A4934FB00AFE6AA /* scn-vrTests */ = {
			isa = PBXGroup;
			children = (
				AC3E0F6B1A4934FB00AFE6AA /* Supporting Files */,
			);
			path = "scn-vrTests";
			sourceTree = "<group>";
		};
		AC3E0F6B1A4934FB00AFE6AA /* Supporting Files */ = {
			isa = PBXGroup;
			children = (
				AC3E0F6C1A4934FB00AFE6AA /* Info.plist */,
			);
			name = "Supporting Files";
			sourceTree = "<group>";
		};
		AC3E0FCD1A4937F000AFE6AA /* SceneKit */ = {
			isa = PBXGroup;
			children = (
				AC3E0FD71A49387F00AFE6AA /* Eyes */,
				AC3E0FD61A49387300AFE6AA /* Viewpoints */,
				AC3E0F971A49374600AFE6AA /* SCNVirtualRealityViewController.h */,
				AC3E0F981A49374600AFE6AA /* SCNVirtualRealityViewController.m */,
			);
			name = SceneKit;
			sourceTree = "<group>";
		};
		AC3E0FCE1A4937F800AFE6AA /* Core */ = {
			isa = PBXGroup;
			children = (
				AC3E0FD51A49385F00AFE6AA /* Utils */,
				AC3E0FD41A49384600AFE6AA /* Rendering */,
				AC3E0FD31A49381600AFE6AA /* HMDs */,
				AC3E0FD21A49380E00AFE6AA /* Devices */,
				AC3E0FD11A49380900AFE6AA /* Tracking */,
				AC3E0FD01A49380500AFE6AA /* Correction */,
				AC3E0FCF1A4937FE00AFE6AA /* Distortion */,
			);
			name = Core;
			sourceTree = "<group>";
		};
		AC3E0FCF1A4937FE00AFE6AA /* Distortion */ = {
			isa = PBXGroup;
			children = (
				AC3E0F7A1A49374600AFE6AA /* DistortionMeshGenerator.h */,
				AC3E0F7B1A49374600AFE6AA /* DistortionMeshGenerator.m */,
			);
			name = Distortion;
			sourceTree = "<group>";
		};
		AC3E0FD01A49380500AFE6AA /* Correction */ = {
			isa = PBXGroup;
			children = (
				AC3E0F751A49374600AFE6AA /* ColorCorrection.h */,
				AC3E0F761A49374600AFE6AA /* ColorCorrection.m */,
			);
			name = Correction;
			sourceTree = "<group>";
		};
		AC3E0FD11A49380900AFE6AA /* Tracking */ = {
			isa = PBXGroup;
			children = (
				AC3E0F9A1A49374600AFE6AA /* TrackerBase.h */,
				AC3E0F9B1A49374600AFE6AA /* TrackerBase.m */,
				AC3E0F781A49374600AFE6AA /* CoreMotionTracker.h */,
				AC3E0F791A49374600AFE6AA /* CoreMotionTracker.m */,
				AC3E0F9C1A49374600AFE6AA /* TrackingManager.h */,
				AC3E0F9D1A49374600AFE6AA /* TrackingManager.m */,
			);
			name = Tracking;
			sourceTree = "<group>";
		};
		AC3E0FD21A49380E00AFE6AA /* Devices */ = {
			isa = PBXGroup;
			children = (
				AC3E0F841A49374600AFE6AA /* MobileDeviceConfiguration.h */,
				AC3E0F851A49374600AFE6AA /* MobileDeviceConfiguration.m */,
				AC3E0F861A49374600AFE6AA /* MobileDeviceManager.h */,
				AC3E0F871A49374600AFE6AA /* MobileDeviceManager.m */,
			);
			name = Devices;
			sourceTree = "<group>";
		};
		AC3E0FD31A49381600AFE6AA /* HMDs */ = {
			isa = PBXGroup;
			children = (
				AC3E0F7E1A49374600AFE6AA /* HmdDeviceConfiguration.h */,
				AC3E0F7F1A49374600AFE6AA /* HmdDeviceConfiguration.m */,
				AC3E0F801A49374600AFE6AA /* HmdDeviceManager.h */,
				AC3E0F811A49374600AFE6AA /* HmdDeviceManager.m */,
				AC3E0F821A49374600AFE6AA /* HmdMobileDevicePair.h */,
				AC3E0F831A49374600AFE6AA /* HmdMobileDevicePair.m */,
			);
			name = HMDs;
			sourceTree = "<group>";
		};
		AC3E0FD41A49384600AFE6AA /* Rendering */ = {
			isa = PBXGroup;
			children = (
				AC3E0F8E1A49374600AFE6AA /* RenderProtocol.h */,
				AC3E0F8A1A49374600AFE6AA /* RenderBase.h */,
				AC3E0F8B1A49374600AFE6AA /* RenderBase.m */,
				AC3E0F911A49374600AFE6AA /* SBSRenderInstance.h */,
				AC3E0F921A49374600AFE6AA /* SBSRenderInstance.m */,
				AC3E0F881A49374600AFE6AA /* MonoRenderInstance.h */,
				AC3E0F891A49374600AFE6AA /* MonoRenderInstance.m */,
				AC3E0F8C1A49374600AFE6AA /* RenderManager.h */,
				AC3E0F8D1A49374600AFE6AA /* RenderManager.m */,
			);
			name = Rendering;
			sourceTree = "<group>";
		};
		AC3E0FD51A49385F00AFE6AA /* Utils */ = {
			isa = PBXGroup;
			children = (
				AC3E0F771A49374600AFE6AA /* Constants.h */,
				AC3E0F8F1A49374600AFE6AA /* RenderTexture.h */,
				AC3E0F901A49374600AFE6AA /* RenderTexture.m */,
				AC3E0F7C1A49374600AFE6AA /* EyeTexture.h */,
				AC3E0F7D1A49374600AFE6AA /* EyeTexture.m */,
				AC3E0F9E1A49374600AFE6AA /* VBOWrap.h */,
				AC3E0F9F1A49374600AFE6AA /* VBOWrap.m */,
			);
			name = Utils;
			sourceTree = "<group>";
		};
		AC3E0FD61A49387300AFE6AA /* Viewpoints */ = {
			isa = PBXGroup;
			children = (
				AC3E0F951A49374600AFE6AA /* SCNViewpoint.h */,
				AC3E0F961A49374600AFE6AA /* SCNViewpoint.m */,
			);
			name = Viewpoints;
			sourceTree = "<group>";
		};
		AC3E0FD71A49387F00AFE6AA /* Eyes */ = {
			isa = PBXGroup;
			children = (
				AC3E0F931A49374600AFE6AA /* SCNEye.h */,
				AC3E0F941A49374600AFE6AA /* SCNEye.m */,
			);
			name = Eyes;
			sourceTree = "<group>";
		};
/* End PBXGroup section */

/* Begin PBXNativeTarget section */
		AC3E0F5A1A4934FA00AFE6AA /* scn-vr */ = {
			isa = PBXNativeTarget;
			buildConfigurationList = AC3E0F6F1A4934FB00AFE6AA /* Build configuration list for PBXNativeTarget "scn-vr" */;
			buildPhases = (
				AC3E0F571A4934FA00AFE6AA /* Sources */,
				AC3E0F581A4934FA00AFE6AA /* Frameworks */,
				AC3E0F591A4934FA00AFE6AA /* CopyFiles */,
			);
			buildRules = (
			);
			dependencies = (
			);
			name = "scn-vr";
			productName = "scn-vr";
			productReference = AC3E0F5B1A4934FA00AFE6AA /* libscn-vr.a */;
			productType = "com.apple.product-type.library.static";
		};
		AC3E0F651A4934FB00AFE6AA /* scn-vrTests */ = {
			isa = PBXNativeTarget;
			buildConfigurationList = AC3E0F721A4934FB00AFE6AA /* Build configuration list for PBXNativeTarget "scn-vrTests" */;
			buildPhases = (
				AC3E0F621A4934FB00AFE6AA /* Sources */,
				AC3E0F631A4934FB00AFE6AA /* Frameworks */,
				AC3E0F641A4934FB00AFE6AA /* Resources */,
			);
			buildRules = (
			);
			dependencies = (
				AC3E0F691A4934FB00AFE6AA /* PBXTargetDependency */,
			);
			name = "scn-vrTests";
			productName = "scn-vrTests";
			productReference = AC3E0F661A4934FB00AFE6AA /* scn-vrTests.xctest */;
			productType = "com.apple.product-type.bundle.unit-test";
		};
/* End PBXNativeTarget section */

/* Begin PBXProject section */
		AC3E0F531A4934FA00AFE6AA /* Project object */ = {
			isa = PBXProject;
			attributes = {
				LastUpgradeCheck = 0610;
				ORGANIZATIONNAME = "M-Gate Labs";
				TargetAttributes = {
					AC3E0F5A1A4934FA00AFE6AA = {
						CreatedOnToolsVersion = 6.1.1;
					};
					AC3E0F651A4934FB00AFE6AA = {
						CreatedOnToolsVersion = 6.1.1;
					};
				};
			};
			buildConfigurationList = AC3E0F561A4934FA00AFE6AA /* Build configuration list for PBXProject "scn-vr" */;
			compatibilityVersion = "Xcode 3.2";
			developmentRegion = English;
			hasScannedForEncodings = 0;
			knownRegions = (
				en,
			);
			mainGroup = AC3E0F521A4934FA00AFE6AA;
			productRefGroup = AC3E0F5C1A4934FA00AFE6AA /* Products */;
			projectDirPath = "";
			projectRoot = "";
			targets = (
				AC3E0F5A1A4934FA00AFE6AA /* scn-vr */,
				AC3E0F651A4934FB00AFE6AA /* scn-vrTests */,
			);
		};
/* End PBXProject section */

/* Begin PBXResourcesBuildPhase section */
		AC3E0F641A4934FB00AFE6AA /* Resources */ = {
			isa = PBXResourcesBuildPhase;
			buildActionMask = 2147483647;
			files = (
			);
			runOnlyForDeploymentPostprocessing = 0;
		};
/* End PBXResourcesBuildPhase section */

/* Begin PBXSourcesBuildPhase section */
		AC3E0F571A4934FA00AFE6AA /* Sources */ = {
			isa = PBXSourcesBuildPhase;
			buildActionMask = 2147483647;
			files = (
				AC3E0FA01A49374600AFE6AA /* ColorCorrection.m in Sources */,
				AC3E0FA51A49374600AFE6AA /* HmdDeviceManager.m in Sources */,
				AC3E0FAF1A49374600AFE6AA /* SCNViewpoint.m in Sources */,
				AC3E0FAA1A49374600AFE6AA /* RenderBase.m in Sources */,
				AC3E0FA61A49374600AFE6AA /* HmdMobileDevicePair.m in Sources */,
				AC3E0FA21A49374600AFE6AA /* DistortionMeshGenerator.m in Sources */,
				AC3E0FAB1A49374600AFE6AA /* RenderManager.m in Sources */,
				AC3E0FB21A49374600AFE6AA /* TrackingManager.m in Sources */,
				AC3E0FA81A49374600AFE6AA /* MobileDeviceManager.m in Sources */,
				AC3E0FA11A49374600AFE6AA /* CoreMotionTracker.m in Sources */,
				AC3E0FA31A49374600AFE6AA /* EyeTexture.m in Sources */,
				AC3E0FAD1A49374600AFE6AA /* SBSRenderInstance.m in Sources */,
				AC3E0FAE1A49374600AFE6AA /* SCNEye.m in Sources */,
				AC3E0FB31A49374600AFE6AA /* VBOWrap.m in Sources */,
				AC3E0FAC1A49374600AFE6AA /* RenderTexture.m in Sources */,
				AC3E0FB01A49374600AFE6AA /* SCNVirtualRealityViewController.m in Sources */,
				AC3E0FA71A49374600AFE6AA /* MobileDeviceConfiguration.m in Sources */,
				AC3E0FB11A49374600AFE6AA /* TrackerBase.m in Sources */,
				AC3E0FA41A49374600AFE6AA /* HmdDeviceConfiguration.m in Sources */,
				AC3E0FA91A49374600AFE6AA /* MonoRenderInstance.m in Sources */,
			);
			runOnlyForDeploymentPostprocessing = 0;
		};
		AC3E0F621A4934FB00AFE6AA /* Sources */ = {
			isa = PBXSourcesBuildPhase;
			buildActionMask = 2147483647;
			files = (
			);
			runOnlyForDeploymentPostprocessing = 0;
		};
/* End PBXSourcesBuildPhase section */

/* Begin PBXTargetDependency section */
		AC3E0F691A4934FB00AFE6AA /* PBXTargetDependency */ = {
			isa = PBXTargetDependency;
			target = AC3E0F5A1A4934FA00AFE6AA /* scn-vr */;
			targetProxy = AC3E0F681A4934FB00AFE6AA /* PBXContainerItemProxy */;
		};
/* End PBXTargetDependency section */

/* Begin XCBuildConfiguration section */
		AC3E0F6D1A4934FB00AFE6AA /* Debug */ = {
			isa = XCBuildConfiguration;
			buildSettings = {
				ALWAYS_SEARCH_USER_PATHS = NO;
				CLANG_CXX_LANGUAGE_STANDARD = "gnu++0x";
				CLANG_CXX_LIBRARY = "libc++";
				CLANG_ENABLE_MODULES = YES;
				CLANG_ENABLE_OBJC_ARC = YES;
				CLANG_WARN_BOOL_CONVERSION = YES;
				CLANG_WARN_CONSTANT_CONVERSION = YES;
				CLANG_WARN_DIRECT_OBJC_ISA_USAGE = YES_ERROR;
				CLANG_WARN_EMPTY_BODY = YES;
				CLANG_WARN_ENUM_CONVERSION = YES;
				CLANG_WARN_INT_CONVERSION = YES;
				CLANG_WARN_OBJC_ROOT_CLASS = YES_ERROR;
				CLANG_WARN_UNREACHABLE_CODE = YES;
				CLANG_WARN__DUPLICATE_METHOD_MATCH = YES;
				COPY_PHASE_STRIP = NO;
				ENABLE_STRICT_OBJC_MSGSEND = YES;
				GCC_C_LANGUAGE_STANDARD = gnu99;
				GCC_DYNAMIC_NO_PIC = NO;
				GCC_OPTIMIZATION_LEVEL = 0;
				GCC_PREPROCESSOR_DEFINITIONS = (
					"DEBUG=1",
					"$(inherited)",
				);
				GCC_SYMBOLS_PRIVATE_EXTERN = NO;
				GCC_WARN_64_TO_32_BIT_CONVERSION = YES;
				GCC_WARN_ABOUT_RETURN_TYPE = YES_ERROR;
				GCC_WARN_UNDECLARED_SELECTOR = YES;
				GCC_WARN_UNINITIALIZED_AUTOS = YES_AGGRESSIVE;
				GCC_WARN_UNUSED_FUNCTION = YES;
				GCC_WARN_UNUSED_VARIABLE = YES;
				IPHONEOS_DEPLOYMENT_TARGET = 8.1;
				MTL_ENABLE_DEBUG_INFO = YES;
				ONLY_ACTIVE_ARCH = YES;
				SDKROOT = iphoneos;
			};
			name = Debug;
		};
		AC3E0F6E1A4934FB00AFE6AA /* Release */ = {
			isa = XCBuildConfiguration;
			buildSettings = {
				ALWAYS_SEARCH_USER_PATHS = NO;
				CLANG_CXX_LANGUAGE_STANDARD = "gnu++0x";
				CLANG_CXX_LIBRARY = "libc++";
				CLANG_ENABLE_MODULES = YES;
				CLANG_ENABLE_OBJC_ARC = YES;
				CLANG_WARN_BOOL_CONVERSION = YES;
				CLANG_WARN_CONSTANT_CONVERSION = YES;
				CLANG_WARN_DIRECT_OBJC_ISA_USAGE = YES_ERROR;
				CLANG_WARN_EMPTY_BODY = YES;
				CLANG_WARN_ENUM_CONVERSION = YES;
				CLANG_WARN_INT_CONVERSION = YES;
				CLANG_WARN_OBJC_ROOT_CLASS = YES_ERROR;
				CLANG_WARN_UNREACHABLE_CODE = YES;
				CLANG_WARN__DUPLICATE_METHOD_MATCH = YES;
				COPY_PHASE_STRIP = YES;
				ENABLE_NS_ASSERTIONS = NO;
				ENABLE_STRICT_OBJC_MSGSEND = YES;
				GCC_C_LANGUAGE_STANDARD = gnu99;
				GCC_WARN_64_TO_32_BIT_CONVERSION = YES;
				GCC_WARN_ABOUT_RETURN_TYPE = YES_ERROR;
				GCC_WARN_UNDECLARED_SELECTOR = YES;
				GCC_WARN_UNINITIALIZED_AUTOS = YES_AGGRESSIVE;
				GCC_WARN_UNUSED_FUNCTION = YES;
				GCC_WARN_UNUSED_VARIABLE = YES;
				IPHONEOS_DEPLOYMENT_TARGET = 8.1;
				MTL_ENABLE_DEBUG_INFO = NO;
				SDKROOT = iphoneos;
				VALIDATE_PRODUCT = YES;
			};
			name = Release;
		};
		AC3E0F701A4934FB00AFE6AA /* Debug */ = {
			isa = XCBuildConfiguration;
			buildSettings = {
				OTHER_LDFLAGS = "-ObjC";
				PRODUCT_NAME = "$(TARGET_NAME)";
				SKIP_INSTALL = YES;
			};
			name = Debug;
		};
		AC3E0F711A4934FB00AFE6AA /* Release */ = {
			isa = XCBuildConfiguration;
			buildSettings = {
				OTHER_LDFLAGS = "-ObjC";
				PRODUCT_NAME = "$(TARGET_NAME)";
				SKIP_INSTALL = YES;
			};
			name = Release;
		};
		AC3E0F731A4934FB00AFE6AA /* Debug */ = {
			isa = XCBuildConfiguration;
			buildSettings = {
				FRAMEWORK_SEARCH_PATHS = (
					"$(SDKROOT)/Developer/Library/Frameworks",
					"$(inherited)",
				);
				GCC_PREPROCESSOR_DEFINITIONS = (
					"DEBUG=1",
					"$(inherited)",
				);
				INFOPLIST_FILE = "scn-vrTests/Info.plist";
				LD_RUNPATH_SEARCH_PATHS = "$(inherited) @executable_path/Frameworks @loader_path/Frameworks";
				PRODUCT_NAME = "$(TARGET_NAME)";
			};
			name = Debug;
		};
		AC3E0F741A4934FB00AFE6AA /* Release */ = {
			isa = XCBuildConfiguration;
			buildSettings = {
				FRAMEWORK_SEARCH_PATHS = (
					"$(SDKROOT)/Developer/Library/Frameworks",
					"$(inherited)",
				);
				INFOPLIST_FILE = "scn-vrTests/Info.plist";
				LD_RUNPATH_SEARCH_PATHS = "$(inherited) @executable_path/Frameworks @loader_path/Frameworks";
				PRODUCT_NAME = "$(TARGET_NAME)";
			};
			name = Release;
		};
/* End XCBuildConfiguration section */

/* Begin XCConfigurationList section */
		AC3E0F561A4934FA00AFE6AA /* Build configuration list for PBXProject "scn-vr" */ = {
			isa = XCConfigurationList;
			buildConfigurations = (
				AC3E0F6D1A4934FB00AFE6AA /* Debug */,
				AC3E0F6E1A4934FB00AFE6AA /* Release */,
			);
			defaultConfigurationIsVisible = 0;
			defaultConfigurationName = Release;
		};
		AC3E0F6F1A4934FB00AFE6AA /* Build configuration list for PBXNativeTarget "scn-vr" */ = {
			isa = XCConfigurationList;
			buildConfigurations = (
				AC3E0F701A4934FB00AFE6AA /* Debug */,
				AC3E0F711A4934FB00AFE6AA /* Release */,
			);
			defaultConfigurationIsVisible = 0;
			defaultConfigurationName = Release;
		};
		AC3E0F721A4934FB00AFE6AA /* Build configuration list for PBXNativeTarget "scn-vrTests" */ = {
			isa = XCConfigurationList;
			buildConfigurations = (
				AC3E0F731A4934FB00AFE6AA /* Debug */,
				AC3E0F741A4934FB00AFE6AA /* Release */,
			);
			defaultConfigurationIsVisible = 0;
			defaultConfigurationName = Release;
		};
/* End XCConfigurationList section */
	};
	rootObject = AC3E0F531A4934FA00AFE6AA /* Project object */;
}
